
Microsoft Visual Studio Solution File, Format Version 12.00
Project("{FAE04EC0-301F-11D3-BF4B-00C04F79EFBC}") = "MobilePlayer", "MobilePlayer\MobilePlayer.csproj", "{932163EF-FC17-427B-8C65-D145388E7D38}"
EndProject
Global
	GlobalSection(SolutionConfigurationPlatforms) = preSolution
		Debug|Any CPU = Debug|Any CPU
		Release|Any CPU = Release|Any CPU
	EndGlobalSection
	GlobalSection(ProjectConfigurationPlatforms) = postSolution
		{932163EF-FC17-427B-8C65-D145388E7D38}.Debug|Any CPU.ActiveCfg = Debug|Any CPU
		{932163EF-FC17-427B-8C65-D145388E7D38}.Debug|Any CPU.Build.0 = Debug|Any CPU
		{932163EF-FC17-427B-8C65-D145388E7D38}.Release|Any CPU.ActiveCfg = Release|Any CPU
		{932163EF-FC17-427B-8C65-D145388E7D38}.Release|Any CPU.Build.0 = Release|Any CPU
	EndGlobalSection
EndGlobal
